
Microsoft Visual Studio Solution File, Format Version 11.00
# Visual Studio 2010
Project("{FAE04EC0-301F-11D3-BF4B-00C04F79EFBC}") = "Shrinkr.Client.Console", "Console\Shrinkr.Client.Console.csproj", "{ED924FAC-DE9B-4097-BDDF-979D4DCB8C2A}"
EndProject
Project("{FAE04EC0-301F-11D3-BF4B-00C04F79EFBC}") = "Shrinkr.Client.Seesmic", "Seemic\Shrinkr.Client.Seesmic.csproj", "{63E71500-F5ED-45CF-8886-3BA182667862}"
EndProject
Global
	GlobalSection(SolutionConfigurationPlatforms) = preSolution
		Debug|Any CPU = Debug|Any CPU
		Debug|Mixed Platforms = Debug|Mixed Platforms
		Debug|x86 = Debug|x86
		Release|Any CPU = Release|Any CPU
		Release|Mixed Platforms = Release|Mixed Platforms
		Release|x86 = Release|x86
	EndGlobalSection
	GlobalSection(ProjectConfigurationPlatforms) = postSolution
		{ED924FAC-DE9B-4097-BDDF-979D4DCB8C2A}.Debug|Any CPU.ActiveCfg = Debug|x86
		{ED924FAC-DE9B-4097-BDDF-979D4DCB8C2A}.Debug|Mixed Platforms.ActiveCfg = Debug|x86
		{ED924FAC-DE9B-4097-BDDF-979D4DCB8C2A}.Debug|Mixed Platforms.Build.0 = Debug|x86
		{ED924FAC-DE9B-4097-BDDF-979D4DCB8C2A}.Debug|x86.ActiveCfg = Debug|x86
		{ED924FAC-DE9B-4097-BDDF-979D4DCB8C2A}.Debug|x86.Build.0 = Debug|x86
		{ED924FAC-DE9B-4097-BDDF-979D4DCB8C2A}.Release|Any CPU.ActiveCfg = Release|x86
		{ED924FAC-DE9B-4097-BDDF-979D4DCB8C2A}.Release|Mixed Platforms.ActiveCfg = Release|x86
		{ED924FAC-DE9B-4097-BDDF-979D4DCB8C2A}.Release|Mixed Platforms.Build.0 = Release|x86
		{ED924FAC-DE9B-4097-BDDF-979D4DCB8C2A}.Release|x86.ActiveCfg = Release|x86
		{ED924FAC-DE9B-4097-BDDF-979D4DCB8C2A}.Release|x86.Build.0 = Release|x86
		{63E71500-F5ED-45CF-8886-3BA182667862}.Debug|Any CPU.ActiveCfg = Debug|Any CPU
		{63E71500-F5ED-45CF-8886-3BA182667862}.Debug|Any CPU.Build.0 = Debug|Any CPU
		{63E71500-F5ED-45CF-8886-3BA182667862}.Debug|Mixed Platforms.ActiveCfg = Debug|Any CPU
		{63E71500-F5ED-45CF-8886-3BA182667862}.Debug|Mixed Platforms.Build.0 = Debug|Any CPU
		{63E71500-F5ED-45CF-8886-3BA182667862}.Debug|x86.ActiveCfg = Debug|Any CPU
		{63E71500-F5ED-45CF-8886-3BA182667862}.Release|Any CPU.ActiveCfg = Release|Any CPU
		{63E71500-F5ED-45CF-8886-3BA182667862}.Release|Any CPU.Build.0 = Release|Any CPU
		{63E71500-F5ED-45CF-8886-3BA182667862}.Release|Mixed Platforms.ActiveCfg = Release|Any CPU
		{63E71500-F5ED-45CF-8886-3BA182667862}.Release|Mixed Platforms.Build.0 = Release|Any CPU
		{63E71500-F5ED-45CF-8886-3BA182667862}.Release|x86.ActiveCfg = Release|Any CPU
	EndGlobalSection
	GlobalSection(SolutionProperties) = preSolution
		HideSolutionNode = FALSE
	EndGlobalSection
EndGlobal
