
Microsoft Visual Studio Solution File, Format Version 11.00
# Visual Studio 2010
Project("{FAE04EC0-301F-11D3-BF4B-00C04F79EFBC}") = "Shrinkr.Core", "Shrinkr.Core\Shrinkr.Core.csproj", "{0A176C12-F1D9-424E-AC93-F577B960E055}"
EndProject
Project("{FAE04EC0-301F-11D3-BF4B-00C04F79EFBC}") = "Shrinkr.Infrastructure.EntityFramework", "Shrinkr.Infrastructure.EntityFramework\Shrinkr.Infrastructure.EntityFramework.csproj", "{97B78434-BEB7-4A91-A4A8-FE20A15A6299}"
EndProject
Project("{FAE04EC0-301F-11D3-BF4B-00C04F79EFBC}") = "Shrinkr.Core.UnitTests", "Shrinkr.Core.UnitTests\Shrinkr.Core.UnitTests.csproj", "{C9E96E04-4134-4D15-B3A0-75414AA34FB0}"
EndProject
Project("{FAE04EC0-301F-11D3-BF4B-00C04F79EFBC}") = "Shrinkr.Web.Common", "Shrinkr.Web.Common\Shrinkr.Web.Common.csproj", "{C93C68EF-0858-4B81-96FA-F570BD83DEEE}"
EndProject
Project("{FAE04EC0-301F-11D3-BF4B-00C04F79EFBC}") = "Shrinkr.Web.MicrosoftStack", "Shrinkr.Web.MicrosoftStack\Shrinkr.Web.MicrosoftStack.csproj", "{318F4F03-C7B1-4CF4-B018-2207F51D48E1}"
EndProject
Project("{FAE04EC0-301F-11D3-BF4B-00C04F79EFBC}") = "Shrinkr.Web.Common.UnitTests", "Shrinkr.Web.Common.UnitTests\Shrinkr.Web.Common.UnitTests.csproj", "{7AA2458D-EA76-4A16-815A-F820C97B0AFB}"
EndProject
Project("{FAE04EC0-301F-11D3-BF4B-00C04F79EFBC}") = "Shrinkr.Infrastructure.EntityFramework.IntegrationTests", "Shrinkr.Infrastructure.EntityFramework.IntegrationTests\Shrinkr.Infrastructure.EntityFramework.IntegrationTests.csproj", "{44326097-B85F-4653-9DF1-82EDC98A0216}"
EndProject
Project("{2150E333-8FDC-42A3-9474-1A3956D46DE8}") = "Build", "Build", "{A75CD3B9-9028-4AA4-8301-76F2EA79E07F}"
	ProjectSection(SolutionItems) = preProject
		Build.bat = Build.bat
		Shrinkr.build = Shrinkr.build
	EndProjectSection
EndProject
Project("{FAE04EC0-301F-11D3-BF4B-00C04F79EFBC}") = "Shrinkr.Infrastructure.NHibernate", "Shrinkr.Infrastructure.NHibernate\Shrinkr.Infrastructure.NHibernate.csproj", "{138A8DBB-1866-436A-B141-35499641E763}"
EndProject
Project("{FAE04EC0-301F-11D3-BF4B-00C04F79EFBC}") = "Shrinkr.Web.CommunityStack", "Shrinkr.Web.CommunityStack\Shrinkr.Web.CommunityStack.csproj", "{4BD02FEC-AD58-42FB-99A6-9E03642C214D}"
EndProject
Project("{FAE04EC0-301F-11D3-BF4B-00C04F79EFBC}") = "Shrinkr.Infrastructure.NHibernate.IntegrationTests", "Shrinkr.Infrastructure.NHibernate.IntegrationTests\Shrinkr.Infrastructure.NHibernate.IntegrationTests.csproj", "{88EA22B0-2498-456E-AA1F-636A94044EB0}"
EndProject
Global
	GlobalSection(SolutionConfigurationPlatforms) = preSolution
		Debug|Any CPU = Debug|Any CPU
		Release|Any CPU = Release|Any CPU
	EndGlobalSection
	GlobalSection(ProjectConfigurationPlatforms) = postSolution
		{0A176C12-F1D9-424E-AC93-F577B960E055}.Debug|Any CPU.ActiveCfg = Debug|Any CPU
		{0A176C12-F1D9-424E-AC93-F577B960E055}.Debug|Any CPU.Build.0 = Debug|Any CPU
		{0A176C12-F1D9-424E-AC93-F577B960E055}.Release|Any CPU.ActiveCfg = Release|Any CPU
		{0A176C12-F1D9-424E-AC93-F577B960E055}.Release|Any CPU.Build.0 = Release|Any CPU
		{97B78434-BEB7-4A91-A4A8-FE20A15A6299}.Debug|Any CPU.ActiveCfg = Debug|Any CPU
		{97B78434-BEB7-4A91-A4A8-FE20A15A6299}.Debug|Any CPU.Build.0 = Debug|Any CPU
		{97B78434-BEB7-4A91-A4A8-FE20A15A6299}.Release|Any CPU.ActiveCfg = Release|Any CPU
		{97B78434-BEB7-4A91-A4A8-FE20A15A6299}.Release|Any CPU.Build.0 = Release|Any CPU
		{C9E96E04-4134-4D15-B3A0-75414AA34FB0}.Debug|Any CPU.ActiveCfg = Debug|Any CPU
		{C9E96E04-4134-4D15-B3A0-75414AA34FB0}.Debug|Any CPU.Build.0 = Debug|Any CPU
		{C9E96E04-4134-4D15-B3A0-75414AA34FB0}.Release|Any CPU.ActiveCfg = Release|Any CPU
		{C9E96E04-4134-4D15-B3A0-75414AA34FB0}.Release|Any CPU.Build.0 = Release|Any CPU
		{C93C68EF-0858-4B81-96FA-F570BD83DEEE}.Debug|Any CPU.ActiveCfg = Debug|Any CPU
		{C93C68EF-0858-4B81-96FA-F570BD83DEEE}.Debug|Any CPU.Build.0 = Debug|Any CPU
		{C93C68EF-0858-4B81-96FA-F570BD83DEEE}.Release|Any CPU.ActiveCfg = Release|Any CPU
		{C93C68EF-0858-4B81-96FA-F570BD83DEEE}.Release|Any CPU.Build.0 = Release|Any CPU
		{318F4F03-C7B1-4CF4-B018-2207F51D48E1}.Debug|Any CPU.ActiveCfg = Debug|Any CPU
		{318F4F03-C7B1-4CF4-B018-2207F51D48E1}.Debug|Any CPU.Build.0 = Debug|Any CPU
		{318F4F03-C7B1-4CF4-B018-2207F51D48E1}.Release|Any CPU.ActiveCfg = Release|Any CPU
		{318F4F03-C7B1-4CF4-B018-2207F51D48E1}.Release|Any CPU.Build.0 = Release|Any CPU
		{7AA2458D-EA76-4A16-815A-F820C97B0AFB}.Debug|Any CPU.ActiveCfg = Debug|Any CPU
		{7AA2458D-EA76-4A16-815A-F820C97B0AFB}.Debug|Any CPU.Build.0 = Debug|Any CPU
		{7AA2458D-EA76-4A16-815A-F820C97B0AFB}.Release|Any CPU.ActiveCfg = Release|Any CPU
		{7AA2458D-EA76-4A16-815A-F820C97B0AFB}.Release|Any CPU.Build.0 = Release|Any CPU
		{44326097-B85F-4653-9DF1-82EDC98A0216}.Debug|Any CPU.ActiveCfg = Debug|Any CPU
		{44326097-B85F-4653-9DF1-82EDC98A0216}.Debug|Any CPU.Build.0 = Debug|Any CPU
		{44326097-B85F-4653-9DF1-82EDC98A0216}.Release|Any CPU.ActiveCfg = Release|Any CPU
		{44326097-B85F-4653-9DF1-82EDC98A0216}.Release|Any CPU.Build.0 = Release|Any CPU
		{138A8DBB-1866-436A-B141-35499641E763}.Debug|Any CPU.ActiveCfg = Debug|Any CPU
		{138A8DBB-1866-436A-B141-35499641E763}.Debug|Any CPU.Build.0 = Debug|Any CPU
		{138A8DBB-1866-436A-B141-35499641E763}.Release|Any CPU.ActiveCfg = Release|Any CPU
		{138A8DBB-1866-436A-B141-35499641E763}.Release|Any CPU.Build.0 = Release|Any CPU
		{4BD02FEC-AD58-42FB-99A6-9E03642C214D}.Debug|Any CPU.ActiveCfg = Debug|Any CPU
		{4BD02FEC-AD58-42FB-99A6-9E03642C214D}.Debug|Any CPU.Build.0 = Debug|Any CPU
		{4BD02FEC-AD58-42FB-99A6-9E03642C214D}.Release|Any CPU.ActiveCfg = Release|Any CPU
		{4BD02FEC-AD58-42FB-99A6-9E03642C214D}.Release|Any CPU.Build.0 = Release|Any CPU
		{88EA22B0-2498-456E-AA1F-636A94044EB0}.Debug|Any CPU.ActiveCfg = Debug|Any CPU
		{88EA22B0-2498-456E-AA1F-636A94044EB0}.Debug|Any CPU.Build.0 = Debug|Any CPU
		{88EA22B0-2498-456E-AA1F-636A94044EB0}.Release|Any CPU.ActiveCfg = Release|Any CPU
		{88EA22B0-2498-456E-AA1F-636A94044EB0}.Release|Any CPU.Build.0 = Release|Any CPU
	EndGlobalSection
	GlobalSection(SolutionProperties) = preSolution
		HideSolutionNode = FALSE
	EndGlobalSection
EndGlobal
