
Microsoft Visual Studio Solution File, Format Version 11.00
# Visual Studio 2010
Project("{FAE04EC0-301F-11D3-BF4B-00C04F79EFBC}") = "Shrinkr.Core", "Shrinkr.Core\Shrinkr.Core.csproj", "{0A176C12-F1D9-424E-AC93-F577B960E055}"
EndProject
Project("{FAE04EC0-301F-11D3-BF4B-00C04F79EFBC}") = "Shrinkr.Infrastructure.EntityFramework", "Shrinkr.Infrastructure.EntityFramework\Shrinkr.Infrastructure.EntityFramework.csproj", "{97B78434-BEB7-4A91-A4A8-FE20A15A6299}"
EndProject
Project("{FAE04EC0-301F-11D3-BF4B-00C04F79EFBC}") = "Shrinkr.Core.UnitTests", "Shrinkr.Core.UnitTests\Shrinkr.Core.UnitTests.csproj", "{C9E96E04-4134-4D15-B3A0-75414AA34FB0}"
EndProject
Project("{FAE04EC0-301F-11D3-BF4B-00C04F79EFBC}") = "Shrinkr.Web.Common", "Shrinkr.Web.Common\Shrinkr.Web.Common.csproj", "{C93C68EF-0858-4B81-96FA-F570BD83DEEE}"
EndProject
Project("{FAE04EC0-301F-11D3-BF4B-00C04F79EFBC}") = "Shrinkr.Web.MicrosoftStack", "Shrinkr.Web.MicrosoftStack\Shrinkr.Web.MicrosoftStack.csproj", "{318F4F03-C7B1-4CF4-B018-2207F51D48E1}"
EndProject
Project("{FAE04EC0-301F-11D3-BF4B-00C04F79EFBC}") = "Shrinkr.Web.Common.UnitTests", "Shrinkr.Web.Common.UnitTests\Shrinkr.Web.Common.UnitTests.csproj", "{7AA2458D-EA76-4A16-815A-F820C97B0AFB}"
EndProject
Project("{FAE04EC0-301F-11D3-BF4B-00C04F79EFBC}") = "Shrinkr.Infrastructure.EntityFramework.IntegrationTests", "Shrinkr.Infrastructure.EntityFramework.IntegrationTests\Shrinkr.Infrastructure.EntityFramework.IntegrationTests.csproj", "{44326097-B85F-4653-9DF1-82EDC98A0216}"
EndProject
Global
	GlobalSection(TeamFoundationVersionControl) = preSolution
		SccNumberOfProjects = 8
		SccEnterpriseProvider = {4CA58AB2-18FA-4F8D-95D4-32DDF27D184C}
		SccTeamFoundationServer = https://tfs04.codeplex.com/
		SccLocalPath0 = .
		SccProjectUniqueName1 = Shrinkr.Core.UnitTests\\Shrinkr.Core.UnitTests.csproj
		SccProjectName1 = Shrinkr.Core.UnitTests
		SccLocalPath1 = Shrinkr.Core.UnitTests
		SccProjectUniqueName2 = Shrinkr.Core\\Shrinkr.Core.csproj
		SccProjectName2 = Shrinkr.Core
		SccLocalPath2 = Shrinkr.Core
		SccProjectUniqueName3 = Shrinkr.Infrastructure.EntityFramework\\Shrinkr.Infrastructure.EntityFramework.csproj
		SccProjectName3 = Shrinkr.Infrastructure.EntityFramework
		SccLocalPath3 = Shrinkr.Infrastructure.EntityFramework
		SccProjectUniqueName4 = Shrinkr.Web.Common.UnitTests\\Shrinkr.Web.Common.UnitTests.csproj
		SccProjectName4 = Shrinkr.Web.Common.UnitTests
		SccLocalPath4 = Shrinkr.Web.Common.UnitTests
		SccProjectUniqueName5 = Shrinkr.Web.Common\\Shrinkr.Web.Common.csproj
		SccProjectName5 = Shrinkr.Web.Common
		SccLocalPath5 = Shrinkr.Web.Common
		SccProjectUniqueName6 = Shrinkr.Web.MicrosoftStack\\Shrinkr.Web.MicrosoftStack.csproj
		SccProjectName6 = Shrinkr.Web.MicrosoftStack
		SccLocalPath6 = Shrinkr.Web.MicrosoftStack
		SccProjectUniqueName7 = Shrinkr.Infrastructure.EntityFramework.IntegrationTests\\Shrinkr.Infrastructure.EntityFramework.IntegrationTests.csproj
		SccProjectName7 = Shrinkr.Infrastructure.EntityFramework.IntegrationTests
		SccLocalPath7 = Shrinkr.Infrastructure.EntityFramework.IntegrationTests
	EndGlobalSection
	GlobalSection(SolutionConfigurationPlatforms) = preSolution
		Debug|Any CPU = Debug|Any CPU
		Debug|Mixed Platforms = Debug|Mixed Platforms
		Debug|x86 = Debug|x86
		Release|Any CPU = Release|Any CPU
		Release|Mixed Platforms = Release|Mixed Platforms
		Release|x86 = Release|x86
	EndGlobalSection
	GlobalSection(ProjectConfigurationPlatforms) = postSolution
		{0A176C12-F1D9-424E-AC93-F577B960E055}.Debug|Any CPU.ActiveCfg = Debug|Any CPU
		{0A176C12-F1D9-424E-AC93-F577B960E055}.Debug|Any CPU.Build.0 = Debug|Any CPU
		{0A176C12-F1D9-424E-AC93-F577B960E055}.Debug|Mixed Platforms.ActiveCfg = Debug|Any CPU
		{0A176C12-F1D9-424E-AC93-F577B960E055}.Debug|Mixed Platforms.Build.0 = Debug|Any CPU
		{0A176C12-F1D9-424E-AC93-F577B960E055}.Debug|x86.ActiveCfg = Debug|Any CPU
		{0A176C12-F1D9-424E-AC93-F577B960E055}.Release|Any CPU.ActiveCfg = Release|Any CPU
		{0A176C12-F1D9-424E-AC93-F577B960E055}.Release|Any CPU.Build.0 = Release|Any CPU
		{0A176C12-F1D9-424E-AC93-F577B960E055}.Release|Mixed Platforms.ActiveCfg = Release|Any CPU
		{0A176C12-F1D9-424E-AC93-F577B960E055}.Release|Mixed Platforms.Build.0 = Release|Any CPU
		{0A176C12-F1D9-424E-AC93-F577B960E055}.Release|x86.ActiveCfg = Release|Any CPU
		{97B78434-BEB7-4A91-A4A8-FE20A15A6299}.Debug|Any CPU.ActiveCfg = Debug|Any CPU
		{97B78434-BEB7-4A91-A4A8-FE20A15A6299}.Debug|Any CPU.Build.0 = Debug|Any CPU
		{97B78434-BEB7-4A91-A4A8-FE20A15A6299}.Debug|Mixed Platforms.ActiveCfg = Debug|Any CPU
		{97B78434-BEB7-4A91-A4A8-FE20A15A6299}.Debug|Mixed Platforms.Build.0 = Debug|Any CPU
		{97B78434-BEB7-4A91-A4A8-FE20A15A6299}.Debug|x86.ActiveCfg = Debug|x86
		{97B78434-BEB7-4A91-A4A8-FE20A15A6299}.Debug|x86.Build.0 = Debug|x86
		{97B78434-BEB7-4A91-A4A8-FE20A15A6299}.Release|Any CPU.ActiveCfg = Release|Any CPU
		{97B78434-BEB7-4A91-A4A8-FE20A15A6299}.Release|Any CPU.Build.0 = Release|Any CPU
		{97B78434-BEB7-4A91-A4A8-FE20A15A6299}.Release|Mixed Platforms.ActiveCfg = Release|Any CPU
		{97B78434-BEB7-4A91-A4A8-FE20A15A6299}.Release|Mixed Platforms.Build.0 = Release|Any CPU
		{97B78434-BEB7-4A91-A4A8-FE20A15A6299}.Release|x86.ActiveCfg = Release|x86
		{97B78434-BEB7-4A91-A4A8-FE20A15A6299}.Release|x86.Build.0 = Release|x86
		{C9E96E04-4134-4D15-B3A0-75414AA34FB0}.Debug|Any CPU.ActiveCfg = Debug|Any CPU
		{C9E96E04-4134-4D15-B3A0-75414AA34FB0}.Debug|Any CPU.Build.0 = Debug|Any CPU
		{C9E96E04-4134-4D15-B3A0-75414AA34FB0}.Debug|Mixed Platforms.ActiveCfg = Debug|Any CPU
		{C9E96E04-4134-4D15-B3A0-75414AA34FB0}.Debug|Mixed Platforms.Build.0 = Debug|Any CPU
		{C9E96E04-4134-4D15-B3A0-75414AA34FB0}.Debug|x86.ActiveCfg = Debug|x86
		{C9E96E04-4134-4D15-B3A0-75414AA34FB0}.Debug|x86.Build.0 = Debug|x86
		{C9E96E04-4134-4D15-B3A0-75414AA34FB0}.Release|Any CPU.ActiveCfg = Release|Any CPU
		{C9E96E04-4134-4D15-B3A0-75414AA34FB0}.Release|Any CPU.Build.0 = Release|Any CPU
		{C9E96E04-4134-4D15-B3A0-75414AA34FB0}.Release|Mixed Platforms.ActiveCfg = Release|Any CPU
		{C9E96E04-4134-4D15-B3A0-75414AA34FB0}.Release|Mixed Platforms.Build.0 = Release|Any CPU
		{C9E96E04-4134-4D15-B3A0-75414AA34FB0}.Release|x86.ActiveCfg = Release|x86
		{C9E96E04-4134-4D15-B3A0-75414AA34FB0}.Release|x86.Build.0 = Release|x86
		{C93C68EF-0858-4B81-96FA-F570BD83DEEE}.Debug|Any CPU.ActiveCfg = Debug|Any CPU
		{C93C68EF-0858-4B81-96FA-F570BD83DEEE}.Debug|Any CPU.Build.0 = Debug|Any CPU
		{C93C68EF-0858-4B81-96FA-F570BD83DEEE}.Debug|Mixed Platforms.ActiveCfg = Debug|Any CPU
		{C93C68EF-0858-4B81-96FA-F570BD83DEEE}.Debug|Mixed Platforms.Build.0 = Debug|Any CPU
		{C93C68EF-0858-4B81-96FA-F570BD83DEEE}.Debug|x86.ActiveCfg = Debug|Any CPU
		{C93C68EF-0858-4B81-96FA-F570BD83DEEE}.Release|Any CPU.ActiveCfg = Release|Any CPU
		{C93C68EF-0858-4B81-96FA-F570BD83DEEE}.Release|Any CPU.Build.0 = Release|Any CPU
		{C93C68EF-0858-4B81-96FA-F570BD83DEEE}.Release|Mixed Platforms.ActiveCfg = Release|Any CPU
		{C93C68EF-0858-4B81-96FA-F570BD83DEEE}.Release|Mixed Platforms.Build.0 = Release|Any CPU
		{C93C68EF-0858-4B81-96FA-F570BD83DEEE}.Release|x86.ActiveCfg = Release|Any CPU
		{318F4F03-C7B1-4CF4-B018-2207F51D48E1}.Debug|Any CPU.ActiveCfg = Debug|Any CPU
		{318F4F03-C7B1-4CF4-B018-2207F51D48E1}.Debug|Any CPU.Build.0 = Debug|Any CPU
		{318F4F03-C7B1-4CF4-B018-2207F51D48E1}.Debug|Mixed Platforms.ActiveCfg = Debug|Any CPU
		{318F4F03-C7B1-4CF4-B018-2207F51D48E1}.Debug|Mixed Platforms.Build.0 = Debug|Any CPU
		{318F4F03-C7B1-4CF4-B018-2207F51D48E1}.Debug|x86.ActiveCfg = Debug|Any CPU
		{318F4F03-C7B1-4CF4-B018-2207F51D48E1}.Release|Any CPU.ActiveCfg = Release|Any CPU
		{318F4F03-C7B1-4CF4-B018-2207F51D48E1}.Release|Any CPU.Build.0 = Release|Any CPU
		{318F4F03-C7B1-4CF4-B018-2207F51D48E1}.Release|Mixed Platforms.ActiveCfg = Release|Any CPU
		{318F4F03-C7B1-4CF4-B018-2207F51D48E1}.Release|Mixed Platforms.Build.0 = Release|Any CPU
		{318F4F03-C7B1-4CF4-B018-2207F51D48E1}.Release|x86.ActiveCfg = Release|Any CPU
		{7AA2458D-EA76-4A16-815A-F820C97B0AFB}.Debug|Any CPU.ActiveCfg = Debug|Any CPU
		{7AA2458D-EA76-4A16-815A-F820C97B0AFB}.Debug|Any CPU.Build.0 = Debug|Any CPU
		{7AA2458D-EA76-4A16-815A-F820C97B0AFB}.Debug|Mixed Platforms.ActiveCfg = Debug|Any CPU
		{7AA2458D-EA76-4A16-815A-F820C97B0AFB}.Debug|Mixed Platforms.Build.0 = Debug|Any CPU
		{7AA2458D-EA76-4A16-815A-F820C97B0AFB}.Debug|x86.ActiveCfg = Debug|Any CPU
		{7AA2458D-EA76-4A16-815A-F820C97B0AFB}.Release|Any CPU.ActiveCfg = Release|Any CPU
		{7AA2458D-EA76-4A16-815A-F820C97B0AFB}.Release|Any CPU.Build.0 = Release|Any CPU
		{7AA2458D-EA76-4A16-815A-F820C97B0AFB}.Release|Mixed Platforms.ActiveCfg = Release|Any CPU
		{7AA2458D-EA76-4A16-815A-F820C97B0AFB}.Release|Mixed Platforms.Build.0 = Release|Any CPU
		{7AA2458D-EA76-4A16-815A-F820C97B0AFB}.Release|x86.ActiveCfg = Release|Any CPU
		{44326097-B85F-4653-9DF1-82EDC98A0216}.Debug|Any CPU.ActiveCfg = Debug|Any CPU
		{44326097-B85F-4653-9DF1-82EDC98A0216}.Debug|Any CPU.Build.0 = Debug|Any CPU
		{44326097-B85F-4653-9DF1-82EDC98A0216}.Debug|Mixed Platforms.ActiveCfg = Debug|Any CPU
		{44326097-B85F-4653-9DF1-82EDC98A0216}.Debug|Mixed Platforms.Build.0 = Debug|Any CPU
		{44326097-B85F-4653-9DF1-82EDC98A0216}.Debug|x86.ActiveCfg = Debug|Any CPU
		{44326097-B85F-4653-9DF1-82EDC98A0216}.Release|Any CPU.ActiveCfg = Release|Any CPU
		{44326097-B85F-4653-9DF1-82EDC98A0216}.Release|Any CPU.Build.0 = Release|Any CPU
		{44326097-B85F-4653-9DF1-82EDC98A0216}.Release|Mixed Platforms.ActiveCfg = Release|Any CPU
		{44326097-B85F-4653-9DF1-82EDC98A0216}.Release|Mixed Platforms.Build.0 = Release|Any CPU
		{44326097-B85F-4653-9DF1-82EDC98A0216}.Release|x86.ActiveCfg = Release|Any CPU
	EndGlobalSection
	GlobalSection(SolutionProperties) = preSolution
		HideSolutionNode = FALSE
	EndGlobalSection
EndGlobal
